Microsoft Visual Studio Solution File, Format Version 12.00
# Visual Studio Version 17
VisualStudioVersion = 17.5.2.0
MinimumVisualStudioVersion = 10.0.40219.1
Project("{FAE04EC0-301F-11D3-BF4B-00C04F79EFBC}") = "GerenciarTarefas", "GerenciarTarefas.csproj", "{2398167E-E96C-5939-3B0C-CB0B2571BFB0}"
EndProject
Global
	GlobalSection(SolutionConfigurationPlatforms) = preSolution
		Debug|Any CPU = Debug|Any CPU
		Release|Any CPU = Release|Any CPU
	EndGlobalSection
	GlobalSection(ProjectConfigurationPlatforms) = postSolution
		{2398167E-E96C-5939-3B0C-CB0B2571BFB0}.Debug|Any CPU.ActiveCfg = Debug|Any CPU
		{2398167E-E96C-5939-3B0C-CB0B2571BFB0}.Debug|Any CPU.Build.0 = Debug|Any CPU
		{2398167E-E96C-5939-3B0C-CB0B2571BFB0}.Release|Any CPU.ActiveCfg = Release|Any CPU
		{2398167E-E96C-5939-3B0C-CB0B2571BFB0}.Release|Any CPU.Build.0 = Release|Any CPU
	EndGlobalSection
	GlobalSection(SolutionProperties) = preSolution
		HideSolutionNode = FALSE
	EndGlobalSection
	GlobalSection(ExtensibilityGlobals) = postSolution
		SolutionGuid = {298ABBFE-6FE6-4C16-9046-BB7B131F9231}
	EndGlobalSection
EndGlobal
